
Microsoft Visual Studio Solution File, Format Version 12.00
# Visual Studio Version 17
VisualStudioVersion = 17.1.32228.430
MinimumVisualStudioVersion = 10.0.40219.1
Project("{9A19103F-16F7-4668-BE54-9A1E7A4F7556}") = "AutomaticEmailNotifier", "AutomaticEmailNotifier\AutomaticEmailNotifier.csproj", "{CE0E7492-6478-431F-A2CD-32FC62ADFB74}"
EndProject
Global
	GlobalSection(SolutionConfigurationPlatforms) = preSolution
		Debug|Any CPU = Debug|Any CPU
		Release|Any CPU = Release|Any CPU
	EndGlobalSection
	GlobalSection(ProjectConfigurationPlatforms) = postSolution
		{CE0E7492-6478-431F-A2CD-32FC62ADFB74}.Debug|Any CPU.ActiveCfg = Debug|Any CPU
		{CE0E7492-6478-431F-A2CD-32FC62ADFB74}.Debug|Any CPU.Build.0 = Debug|Any CPU
		{CE0E7492-6478-431F-A2CD-32FC62ADFB74}.Release|Any CPU.ActiveCfg = Release|Any CPU
		{CE0E7492-6478-431F-A2CD-32FC62ADFB74}.Release|Any CPU.Build.0 = Release|Any CPU
	EndGlobalSection
	GlobalSection(SolutionProperties) = preSolution
		HideSolutionNode = FALSE
	EndGlobalSection
	GlobalSection(ExtensibilityGlobals) = postSolution
		SolutionGuid = {A199EF49-77C9-4C90-8F49-7A8D7D47EA3B}
	EndGlobalSection
EndGlobal
